
Microsoft Visual Studio Solution File, Format Version 12.00
# Visual Studio Version 17
VisualStudioVersion = 17.14.36616.10 d17.14
MinimumVisualStudioVersion = 10.0.40219.1
Project("{FAE04EC0-301F-11D3-BF4B-00C04F79EFBC}") = "Tema4_Tarea04", "Tema4_Tarea04\Tema4_Tarea04.csproj", "{0D6341F2-1504-4696-AD06-344E28BA980F}"
EndProject
Global
	GlobalSection(SolutionConfigurationPlatforms) = preSolution
		Debug|Any CPU = Debug|Any CPU
		Release|Any CPU = Release|Any CPU
	EndGlobalSection
	GlobalSection(ProjectConfigurationPlatforms) = postSolution
		{0D6341F2-1504-4696-AD06-344E28BA980F}.Debug|Any CPU.ActiveCfg = Debug|Any CPU
		{0D6341F2-1504-4696-AD06-344E28BA980F}.Debug|Any CPU.Build.0 = Debug|Any CPU
		{0D6341F2-1504-4696-AD06-344E28BA980F}.Release|Any CPU.ActiveCfg = Release|Any CPU
		{0D6341F2-1504-4696-AD06-344E28BA980F}.Release|Any CPU.Build.0 = Release|Any CPU
	EndGlobalSection
	GlobalSection(SolutionProperties) = preSolution
		HideSolutionNode = FALSE
	EndGlobalSection
	GlobalSection(ExtensibilityGlobals) = postSolution
		SolutionGuid = {EC7A348E-8995-44E3-8C95-F1BF2EEEEB9C}
	EndGlobalSection
EndGlobal
