
Microsoft Visual Studio Solution File, Format Version 12.00
# Visual Studio Version 17
VisualStudioVersion = 17.14.36603.0 d17.14
MinimumVisualStudioVersion = 10.0.40219.1
Project("{FAE04EC0-301F-11D3-BF4B-00C04F79EFBC}") = "Tema3_Tarea13", "Tema3_Tarea13\Tema3_Tarea13.csproj", "{E0980F35-C2B7-4AEF-9EBC-563561E9D46B}"
EndProject
Global
	GlobalSection(SolutionConfigurationPlatforms) = preSolution
		Debug|Any CPU = Debug|Any CPU
		Release|Any CPU = Release|Any CPU
	EndGlobalSection
	GlobalSection(ProjectConfigurationPlatforms) = postSolution
		{E0980F35-C2B7-4AEF-9EBC-563561E9D46B}.Debug|Any CPU.ActiveCfg = Debug|Any CPU
		{E0980F35-C2B7-4AEF-9EBC-563561E9D46B}.Debug|Any CPU.Build.0 = Debug|Any CPU
		{E0980F35-C2B7-4AEF-9EBC-563561E9D46B}.Release|Any CPU.ActiveCfg = Release|Any CPU
		{E0980F35-C2B7-4AEF-9EBC-563561E9D46B}.Release|Any CPU.Build.0 = Release|Any CPU
	EndGlobalSection
	GlobalSection(SolutionProperties) = preSolution
		HideSolutionNode = FALSE
	EndGlobalSection
	GlobalSection(ExtensibilityGlobals) = postSolution
		SolutionGuid = {CC739168-873D-4461-BDC3-0EAE8B998221}
	EndGlobalSection
EndGlobal
