
Microsoft Visual Studio Solution File, Format Version 12.00
# Visual Studio Version 17
VisualStudioVersion = 17.14.36705.20 d17.14
MinimumVisualStudioVersion = 10.0.40219.1
Project("{FAE04EC0-301F-11D3-BF4B-00C04F79EFBC}") = "Tema4_Tarea22", "Tema4_Tarea22\Tema4_Tarea22.csproj", "{F89EBF80-E251-4E2B-A3C6-4CC65D488488}"
EndProject
Global
	GlobalSection(SolutionConfigurationPlatforms) = preSolution
		Debug|Any CPU = Debug|Any CPU
		Release|Any CPU = Release|Any CPU
	EndGlobalSection
	GlobalSection(ProjectConfigurationPlatforms) = postSolution
		{F89EBF80-E251-4E2B-A3C6-4CC65D488488}.Debug|Any CPU.ActiveCfg = Debug|Any CPU
		{F89EBF80-E251-4E2B-A3C6-4CC65D488488}.Debug|Any CPU.Build.0 = Debug|Any CPU
		{F89EBF80-E251-4E2B-A3C6-4CC65D488488}.Release|Any CPU.ActiveCfg = Release|Any CPU
		{F89EBF80-E251-4E2B-A3C6-4CC65D488488}.Release|Any CPU.Build.0 = Release|Any CPU
	EndGlobalSection
	GlobalSection(SolutionProperties) = preSolution
		HideSolutionNode = FALSE
	EndGlobalSection
	GlobalSection(ExtensibilityGlobals) = postSolution
		SolutionGuid = {9C3A2C67-E14F-4B75-B0A1-5CAFEAAFB889}
	EndGlobalSection
EndGlobal
