
Microsoft Visual Studio Solution File, Format Version 12.00
# Visual Studio Version 17
VisualStudioVersion = 17.14.36705.20 d17.14
MinimumVisualStudioVersion = 10.0.40219.1
Project("{FAE04EC0-301F-11D3-BF4B-00C04F79EFBC}") = "Tema4_Tarea09b", "Tema4_Tarea09b\Tema4_Tarea09b.csproj", "{10D50411-A540-431C-ACFA-4C6EC017417B}"
EndProject
Global
	GlobalSection(SolutionConfigurationPlatforms) = preSolution
		Debug|Any CPU = Debug|Any CPU
		Release|Any CPU = Release|Any CPU
	EndGlobalSection
	GlobalSection(ProjectConfigurationPlatforms) = postSolution
		{10D50411-A540-431C-ACFA-4C6EC017417B}.Debug|Any CPU.ActiveCfg = Debug|Any CPU
		{10D50411-A540-431C-ACFA-4C6EC017417B}.Debug|Any CPU.Build.0 = Debug|Any CPU
		{10D50411-A540-431C-ACFA-4C6EC017417B}.Release|Any CPU.ActiveCfg = Release|Any CPU
		{10D50411-A540-431C-ACFA-4C6EC017417B}.Release|Any CPU.Build.0 = Release|Any CPU
	EndGlobalSection
	GlobalSection(SolutionProperties) = preSolution
		HideSolutionNode = FALSE
	EndGlobalSection
	GlobalSection(ExtensibilityGlobals) = postSolution
		SolutionGuid = {3565A508-AEE2-4A74-910C-604324AA2125}
	EndGlobalSection
EndGlobal
