
Microsoft Visual Studio Solution File, Format Version 12.00
# Visual Studio Version 17
VisualStudioVersion = 17.14.36518.9 d17.14
MinimumVisualStudioVersion = 10.0.40219.1
Project("{FAE04EC0-301F-11D3-BF4B-00C04F79EFBC}") = "Tema2_Tarea04a", "Tema2_Tarea04a\Tema2_Tarea04a.csproj", "{CC754C02-9865-4594-BA42-F0A5AACBBAED}"
EndProject
Global
	GlobalSection(SolutionConfigurationPlatforms) = preSolution
		Debug|Any CPU = Debug|Any CPU
		Release|Any CPU = Release|Any CPU
	EndGlobalSection
	GlobalSection(ProjectConfigurationPlatforms) = postSolution
		{CC754C02-9865-4594-BA42-F0A5AACBBAED}.Debug|Any CPU.ActiveCfg = Debug|Any CPU
		{CC754C02-9865-4594-BA42-F0A5AACBBAED}.Debug|Any CPU.Build.0 = Debug|Any CPU
		{CC754C02-9865-4594-BA42-F0A5AACBBAED}.Release|Any CPU.ActiveCfg = Release|Any CPU
		{CC754C02-9865-4594-BA42-F0A5AACBBAED}.Release|Any CPU.Build.0 = Release|Any CPU
	EndGlobalSection
	GlobalSection(SolutionProperties) = preSolution
		HideSolutionNode = FALSE
	EndGlobalSection
	GlobalSection(ExtensibilityGlobals) = postSolution
		SolutionGuid = {89CF5D41-AF47-45B2-AF6F-C2A3BABA7D30}
	EndGlobalSection
EndGlobal
