
Microsoft Visual Studio Solution File, Format Version 12.00
# Visual Studio Version 17
VisualStudioVersion = 17.14.36518.9 d17.14
MinimumVisualStudioVersion = 10.0.40219.1
Project("{FAE04EC0-301F-11D3-BF4B-00C04F79EFBC}") = "Tema2_Tarea17", "Tema2_Tarea17\Tema2_Tarea17.csproj", "{B9313CE9-80A7-4E01-8ADE-1FC3FC70BB57}"
EndProject
Global
	GlobalSection(SolutionConfigurationPlatforms) = preSolution
		Debug|Any CPU = Debug|Any CPU
		Release|Any CPU = Release|Any CPU
	EndGlobalSection
	GlobalSection(ProjectConfigurationPlatforms) = postSolution
		{B9313CE9-80A7-4E01-8ADE-1FC3FC70BB57}.Debug|Any CPU.ActiveCfg = Debug|Any CPU
		{B9313CE9-80A7-4E01-8ADE-1FC3FC70BB57}.Debug|Any CPU.Build.0 = Debug|Any CPU
		{B9313CE9-80A7-4E01-8ADE-1FC3FC70BB57}.Release|Any CPU.ActiveCfg = Release|Any CPU
		{B9313CE9-80A7-4E01-8ADE-1FC3FC70BB57}.Release|Any CPU.Build.0 = Release|Any CPU
	EndGlobalSection
	GlobalSection(SolutionProperties) = preSolution
		HideSolutionNode = FALSE
	EndGlobalSection
	GlobalSection(ExtensibilityGlobals) = postSolution
		SolutionGuid = {1E34AFAD-E4B3-40E9-9237-699AF7E39C00}
	EndGlobalSection
EndGlobal
