
Microsoft Visual Studio Solution File, Format Version 12.00
# Visual Studio Version 17
VisualStudioVersion = 17.14.36705.20 d17.14
MinimumVisualStudioVersion = 10.0.40219.1
Project("{FAE04EC0-301F-11D3-BF4B-00C04F79EFBC}") = "Tema4_Tarea21", "Tema4_Tarea21\Tema4_Tarea21.csproj", "{BB791517-D6A6-4B3F-A54D-F15CF6FC9221}"
EndProject
Global
	GlobalSection(SolutionConfigurationPlatforms) = preSolution
		Debug|Any CPU = Debug|Any CPU
		Release|Any CPU = Release|Any CPU
	EndGlobalSection
	GlobalSection(ProjectConfigurationPlatforms) = postSolution
		{BB791517-D6A6-4B3F-A54D-F15CF6FC9221}.Debug|Any CPU.ActiveCfg = Debug|Any CPU
		{BB791517-D6A6-4B3F-A54D-F15CF6FC9221}.Debug|Any CPU.Build.0 = Debug|Any CPU
		{BB791517-D6A6-4B3F-A54D-F15CF6FC9221}.Release|Any CPU.ActiveCfg = Release|Any CPU
		{BB791517-D6A6-4B3F-A54D-F15CF6FC9221}.Release|Any CPU.Build.0 = Release|Any CPU
	EndGlobalSection
	GlobalSection(SolutionProperties) = preSolution
		HideSolutionNode = FALSE
	EndGlobalSection
	GlobalSection(ExtensibilityGlobals) = postSolution
		SolutionGuid = {696DBD15-EBB4-4313-8044-005B2BABCF55}
	EndGlobalSection
EndGlobal
