
Microsoft Visual Studio Solution File, Format Version 12.00
# Visual Studio Version 17
VisualStudioVersion = 17.14.36811.4 d17.14
MinimumVisualStudioVersion = 10.0.40219.1
Project("{FAE04EC0-301F-11D3-BF4B-00C04F79EFBC}") = "Tema6_Ejemplo01", "Tema6_Ejemplo01\Tema6_Ejemplo01.csproj", "{96978E45-38D8-4ECC-8984-F91D47A6F558}"
EndProject
Global
	GlobalSection(SolutionConfigurationPlatforms) = preSolution
		Debug|Any CPU = Debug|Any CPU
		Release|Any CPU = Release|Any CPU
	EndGlobalSection
	GlobalSection(ProjectConfigurationPlatforms) = postSolution
		{96978E45-38D8-4ECC-8984-F91D47A6F558}.Debug|Any CPU.ActiveCfg = Debug|Any CPU
		{96978E45-38D8-4ECC-8984-F91D47A6F558}.Debug|Any CPU.Build.0 = Debug|Any CPU
		{96978E45-38D8-4ECC-8984-F91D47A6F558}.Release|Any CPU.ActiveCfg = Release|Any CPU
		{96978E45-38D8-4ECC-8984-F91D47A6F558}.Release|Any CPU.Build.0 = Release|Any CPU
	EndGlobalSection
	GlobalSection(SolutionProperties) = preSolution
		HideSolutionNode = FALSE
	EndGlobalSection
	GlobalSection(ExtensibilityGlobals) = postSolution
		SolutionGuid = {54E9C043-258B-4AD4-A49C-80AECA057872}
	EndGlobalSection
EndGlobal
