
Microsoft Visual Studio Solution File, Format Version 12.00
# Visual Studio Version 17
VisualStudioVersion = 17.14.36811.4 d17.14
MinimumVisualStudioVersion = 10.0.40219.1
Project("{FAE04EC0-301F-11D3-BF4B-00C04F79EFBC}") = "Tema7_Tarea02", "Tema7_Tarea02\Tema7_Tarea02.csproj", "{D24EBE89-7CAC-4375-AC7F-DA40C29B4F43}"
EndProject
Global
	GlobalSection(SolutionConfigurationPlatforms) = preSolution
		Debug|Any CPU = Debug|Any CPU
		Release|Any CPU = Release|Any CPU
	EndGlobalSection
	GlobalSection(ProjectConfigurationPlatforms) = postSolution
		{D24EBE89-7CAC-4375-AC7F-DA40C29B4F43}.Debug|Any CPU.ActiveCfg = Debug|Any CPU
		{D24EBE89-7CAC-4375-AC7F-DA40C29B4F43}.Debug|Any CPU.Build.0 = Debug|Any CPU
		{D24EBE89-7CAC-4375-AC7F-DA40C29B4F43}.Release|Any CPU.ActiveCfg = Release|Any CPU
		{D24EBE89-7CAC-4375-AC7F-DA40C29B4F43}.Release|Any CPU.Build.0 = Release|Any CPU
	EndGlobalSection
	GlobalSection(SolutionProperties) = preSolution
		HideSolutionNode = FALSE
	EndGlobalSection
	GlobalSection(ExtensibilityGlobals) = postSolution
		SolutionGuid = {FC05E41E-5501-4FB3-94EB-D47CD2A47B5D}
	EndGlobalSection
EndGlobal
