
Microsoft Visual Studio Solution File, Format Version 12.00
# Visual Studio Version 17
VisualStudioVersion = 17.14.36616.10 d17.14
MinimumVisualStudioVersion = 10.0.40219.1
Project("{FAE04EC0-301F-11D3-BF4B-00C04F79EFBC}") = "Tema3_Tarea25", "Tema3_Tarea25\Tema3_Tarea25.csproj", "{39FDD8CC-6D5E-47FE-9349-B396E9DA6BC2}"
EndProject
Global
	GlobalSection(SolutionConfigurationPlatforms) = preSolution
		Debug|Any CPU = Debug|Any CPU
		Release|Any CPU = Release|Any CPU
	EndGlobalSection
	GlobalSection(ProjectConfigurationPlatforms) = postSolution
		{39FDD8CC-6D5E-47FE-9349-B396E9DA6BC2}.Debug|Any CPU.ActiveCfg = Debug|Any CPU
		{39FDD8CC-6D5E-47FE-9349-B396E9DA6BC2}.Debug|Any CPU.Build.0 = Debug|Any CPU
		{39FDD8CC-6D5E-47FE-9349-B396E9DA6BC2}.Release|Any CPU.ActiveCfg = Release|Any CPU
		{39FDD8CC-6D5E-47FE-9349-B396E9DA6BC2}.Release|Any CPU.Build.0 = Release|Any CPU
	EndGlobalSection
	GlobalSection(SolutionProperties) = preSolution
		HideSolutionNode = FALSE
	EndGlobalSection
	GlobalSection(ExtensibilityGlobals) = postSolution
		SolutionGuid = {0A274D8F-F60B-40E6-B67C-5912B23BBBEA}
	EndGlobalSection
EndGlobal
