
Microsoft Visual Studio Solution File, Format Version 12.00
# Visual Studio Version 17
VisualStudioVersion = 17.14.36811.4 d17.14
MinimumVisualStudioVersion = 10.0.40219.1
Project("{FAE04EC0-301F-11D3-BF4B-00C04F79EFBC}") = "Tema6_Tarea13", "Tema6_Tarea13\Tema6_Tarea13.csproj", "{D7FEB96A-5770-4858-A086-AF4F978E61C3}"
EndProject
Global
	GlobalSection(SolutionConfigurationPlatforms) = preSolution
		Debug|Any CPU = Debug|Any CPU
		Release|Any CPU = Release|Any CPU
	EndGlobalSection
	GlobalSection(ProjectConfigurationPlatforms) = postSolution
		{D7FEB96A-5770-4858-A086-AF4F978E61C3}.Debug|Any CPU.ActiveCfg = Debug|Any CPU
		{D7FEB96A-5770-4858-A086-AF4F978E61C3}.Debug|Any CPU.Build.0 = Debug|Any CPU
		{D7FEB96A-5770-4858-A086-AF4F978E61C3}.Release|Any CPU.ActiveCfg = Release|Any CPU
		{D7FEB96A-5770-4858-A086-AF4F978E61C3}.Release|Any CPU.Build.0 = Release|Any CPU
	EndGlobalSection
	GlobalSection(SolutionProperties) = preSolution
		HideSolutionNode = FALSE
	EndGlobalSection
	GlobalSection(ExtensibilityGlobals) = postSolution
		SolutionGuid = {8BD5639B-926B-45CC-837E-111F231AFDDE}
	EndGlobalSection
EndGlobal
