
Microsoft Visual Studio Solution File, Format Version 12.00
# Visual Studio Version 17
VisualStudioVersion = 17.14.36518.9 d17.14
MinimumVisualStudioVersion = 10.0.40219.1
Project("{FAE04EC0-301F-11D3-BF4B-00C04F79EFBC}") = "EjemploVarInt", "EjemploVarInt\EjemploVarInt.csproj", "{3B2E1E07-C7D9-423E-9F9B-980C89A4CADB}"
EndProject
Global
	GlobalSection(SolutionConfigurationPlatforms) = preSolution
		Debug|Any CPU = Debug|Any CPU
		Release|Any CPU = Release|Any CPU
	EndGlobalSection
	GlobalSection(ProjectConfigurationPlatforms) = postSolution
		{3B2E1E07-C7D9-423E-9F9B-980C89A4CADB}.Debug|Any CPU.ActiveCfg = Debug|Any CPU
		{3B2E1E07-C7D9-423E-9F9B-980C89A4CADB}.Debug|Any CPU.Build.0 = Debug|Any CPU
		{3B2E1E07-C7D9-423E-9F9B-980C89A4CADB}.Release|Any CPU.ActiveCfg = Release|Any CPU
		{3B2E1E07-C7D9-423E-9F9B-980C89A4CADB}.Release|Any CPU.Build.0 = Release|Any CPU
	EndGlobalSection
	GlobalSection(SolutionProperties) = preSolution
		HideSolutionNode = FALSE
	EndGlobalSection
	GlobalSection(ExtensibilityGlobals) = postSolution
		SolutionGuid = {A90D6595-FCAE-44E6-AB13-C1BD0E889550}
	EndGlobalSection
EndGlobal
