
Microsoft Visual Studio Solution File, Format Version 12.00
# Visual Studio Version 17
VisualStudioVersion = 17.14.36518.9 d17.14
MinimumVisualStudioVersion = 10.0.40219.1
Project("{FAE04EC0-301F-11D3-BF4B-00C04F79EFBC}") = "Tema2_Integrador_Console", "Tema2_Integrador_Console\Tema2_Integrador_Console.csproj", "{E272A0E5-7FA4-4B6E-80C3-8CD1BE44D2EB}"
EndProject
Global
	GlobalSection(SolutionConfigurationPlatforms) = preSolution
		Debug|Any CPU = Debug|Any CPU
		Release|Any CPU = Release|Any CPU
	EndGlobalSection
	GlobalSection(ProjectConfigurationPlatforms) = postSolution
		{E272A0E5-7FA4-4B6E-80C3-8CD1BE44D2EB}.Debug|Any CPU.ActiveCfg = Debug|Any CPU
		{E272A0E5-7FA4-4B6E-80C3-8CD1BE44D2EB}.Debug|Any CPU.Build.0 = Debug|Any CPU
		{E272A0E5-7FA4-4B6E-80C3-8CD1BE44D2EB}.Release|Any CPU.ActiveCfg = Release|Any CPU
		{E272A0E5-7FA4-4B6E-80C3-8CD1BE44D2EB}.Release|Any CPU.Build.0 = Release|Any CPU
	EndGlobalSection
	GlobalSection(SolutionProperties) = preSolution
		HideSolutionNode = FALSE
	EndGlobalSection
	GlobalSection(ExtensibilityGlobals) = postSolution
		SolutionGuid = {F1F374E5-C4A9-4712-9C17-3AEAD1331102}
	EndGlobalSection
EndGlobal
