
Microsoft Visual Studio Solution File, Format Version 12.00
# Visual Studio Version 17
VisualStudioVersion = 17.14.36518.9 d17.14
MinimumVisualStudioVersion = 10.0.40219.1
Project("{FAE04EC0-301F-11D3-BF4B-00C04F79EFBC}") = "Tema3_Tarea06", "Tema3_Tarea06\Tema3_Tarea06.csproj", "{D94F8BCC-582A-464A-9A79-52DB41A6E63D}"
EndProject
Global
	GlobalSection(SolutionConfigurationPlatforms) = preSolution
		Debug|Any CPU = Debug|Any CPU
		Release|Any CPU = Release|Any CPU
	EndGlobalSection
	GlobalSection(ProjectConfigurationPlatforms) = postSolution
		{D94F8BCC-582A-464A-9A79-52DB41A6E63D}.Debug|Any CPU.ActiveCfg = Debug|Any CPU
		{D94F8BCC-582A-464A-9A79-52DB41A6E63D}.Debug|Any CPU.Build.0 = Debug|Any CPU
		{D94F8BCC-582A-464A-9A79-52DB41A6E63D}.Release|Any CPU.ActiveCfg = Release|Any CPU
		{D94F8BCC-582A-464A-9A79-52DB41A6E63D}.Release|Any CPU.Build.0 = Release|Any CPU
	EndGlobalSection
	GlobalSection(SolutionProperties) = preSolution
		HideSolutionNode = FALSE
	EndGlobalSection
	GlobalSection(ExtensibilityGlobals) = postSolution
		SolutionGuid = {0C96E85A-BBB6-4A8E-BDB2-32B4832C983D}
	EndGlobalSection
EndGlobal
