
Microsoft Visual Studio Solution File, Format Version 12.00
# Visual Studio Version 17
VisualStudioVersion = 17.14.36518.9 d17.14
MinimumVisualStudioVersion = 10.0.40219.1
Project("{FAE04EC0-301F-11D3-BF4B-00C04F79EFBC}") = "EjemploVarString", "EjemploVarString\EjemploVarString.csproj", "{DB641CAA-4206-4D8F-9EE8-F7A02D01E19A}"
EndProject
Global
	GlobalSection(SolutionConfigurationPlatforms) = preSolution
		Debug|Any CPU = Debug|Any CPU
		Release|Any CPU = Release|Any CPU
	EndGlobalSection
	GlobalSection(ProjectConfigurationPlatforms) = postSolution
		{DB641CAA-4206-4D8F-9EE8-F7A02D01E19A}.Debug|Any CPU.ActiveCfg = Debug|Any CPU
		{DB641CAA-4206-4D8F-9EE8-F7A02D01E19A}.Debug|Any CPU.Build.0 = Debug|Any CPU
		{DB641CAA-4206-4D8F-9EE8-F7A02D01E19A}.Release|Any CPU.ActiveCfg = Release|Any CPU
		{DB641CAA-4206-4D8F-9EE8-F7A02D01E19A}.Release|Any CPU.Build.0 = Release|Any CPU
	EndGlobalSection
	GlobalSection(SolutionProperties) = preSolution
		HideSolutionNode = FALSE
	EndGlobalSection
	GlobalSection(ExtensibilityGlobals) = postSolution
		SolutionGuid = {E891EC16-FAC8-4FCF-90C4-73B4C790C6E3}
	EndGlobalSection
EndGlobal
