
Microsoft Visual Studio Solution File, Format Version 12.00
# Visual Studio Version 17
VisualStudioVersion = 17.14.36811.4 d17.14
MinimumVisualStudioVersion = 10.0.40219.1
Project("{FAE04EC0-301F-11D3-BF4B-00C04F79EFBC}") = "Tema6_Ejemplo02", "Tema6_Ejemplo02\Tema6_Ejemplo02.csproj", "{FC1DCCAD-2813-4009-8C33-492926804261}"
EndProject
Global
	GlobalSection(SolutionConfigurationPlatforms) = preSolution
		Debug|Any CPU = Debug|Any CPU
		Release|Any CPU = Release|Any CPU
	EndGlobalSection
	GlobalSection(ProjectConfigurationPlatforms) = postSolution
		{FC1DCCAD-2813-4009-8C33-492926804261}.Debug|Any CPU.ActiveCfg = Debug|Any CPU
		{FC1DCCAD-2813-4009-8C33-492926804261}.Debug|Any CPU.Build.0 = Debug|Any CPU
		{FC1DCCAD-2813-4009-8C33-492926804261}.Release|Any CPU.ActiveCfg = Release|Any CPU
		{FC1DCCAD-2813-4009-8C33-492926804261}.Release|Any CPU.Build.0 = Release|Any CPU
	EndGlobalSection
	GlobalSection(SolutionProperties) = preSolution
		HideSolutionNode = FALSE
	EndGlobalSection
	GlobalSection(ExtensibilityGlobals) = postSolution
		SolutionGuid = {F27AEDD2-E0A7-4F2E-A14B-1D91A07D2D00}
	EndGlobalSection
EndGlobal
