
Microsoft Visual Studio Solution File, Format Version 12.00
# Visual Studio Version 17
VisualStudioVersion = 17.14.36518.9 d17.14
MinimumVisualStudioVersion = 10.0.40219.1
Project("{FAE04EC0-301F-11D3-BF4B-00C04F79EFBC}") = "Tema2_Tarea05", "Tema2_Tarea05\Tema2_Tarea05.csproj", "{6E4E5AA6-2923-410B-8983-07B1CB5F1BC3}"
EndProject
Global
	GlobalSection(SolutionConfigurationPlatforms) = preSolution
		Debug|Any CPU = Debug|Any CPU
		Release|Any CPU = Release|Any CPU
	EndGlobalSection
	GlobalSection(ProjectConfigurationPlatforms) = postSolution
		{6E4E5AA6-2923-410B-8983-07B1CB5F1BC3}.Debug|Any CPU.ActiveCfg = Debug|Any CPU
		{6E4E5AA6-2923-410B-8983-07B1CB5F1BC3}.Debug|Any CPU.Build.0 = Debug|Any CPU
		{6E4E5AA6-2923-410B-8983-07B1CB5F1BC3}.Release|Any CPU.ActiveCfg = Release|Any CPU
		{6E4E5AA6-2923-410B-8983-07B1CB5F1BC3}.Release|Any CPU.Build.0 = Release|Any CPU
	EndGlobalSection
	GlobalSection(SolutionProperties) = preSolution
		HideSolutionNode = FALSE
	EndGlobalSection
	GlobalSection(ExtensibilityGlobals) = postSolution
		SolutionGuid = {5BB06473-261A-4F4F-A9F7-3B7704A6242B}
	EndGlobalSection
EndGlobal
