
Microsoft Visual Studio Solution File, Format Version 12.00
# Visual Studio Version 17
VisualStudioVersion = 17.14.36705.20 d17.14
MinimumVisualStudioVersion = 10.0.40219.1
Project("{FAE04EC0-301F-11D3-BF4B-00C04F79EFBC}") = "Tema4_Tarea23", "Tema4_Tarea23\Tema4_Tarea23.csproj", "{6C1DA2B9-C3D4-40C4-A221-D5A8CBB839D0}"
EndProject
Global
	GlobalSection(SolutionConfigurationPlatforms) = preSolution
		Debug|Any CPU = Debug|Any CPU
		Release|Any CPU = Release|Any CPU
	EndGlobalSection
	GlobalSection(ProjectConfigurationPlatforms) = postSolution
		{6C1DA2B9-C3D4-40C4-A221-D5A8CBB839D0}.Debug|Any CPU.ActiveCfg = Debug|Any CPU
		{6C1DA2B9-C3D4-40C4-A221-D5A8CBB839D0}.Debug|Any CPU.Build.0 = Debug|Any CPU
		{6C1DA2B9-C3D4-40C4-A221-D5A8CBB839D0}.Release|Any CPU.ActiveCfg = Release|Any CPU
		{6C1DA2B9-C3D4-40C4-A221-D5A8CBB839D0}.Release|Any CPU.Build.0 = Release|Any CPU
	EndGlobalSection
	GlobalSection(SolutionProperties) = preSolution
		HideSolutionNode = FALSE
	EndGlobalSection
	GlobalSection(ExtensibilityGlobals) = postSolution
		SolutionGuid = {18E8B391-2972-4F47-9E7A-623E96872FA9}
	EndGlobalSection
EndGlobal
