
Microsoft Visual Studio Solution File, Format Version 12.00
# Visual Studio Version 17
VisualStudioVersion = 17.14.36705.20 d17.14
MinimumVisualStudioVersion = 10.0.40219.1
Project("{FAE04EC0-301F-11D3-BF4B-00C04F79EFBC}") = "Tema4_Tarea11", "Tema4_Tarea11\Tema4_Tarea11.csproj", "{C95A96EC-0D91-4988-B043-C14CEC0D82D5}"
EndProject
Global
	GlobalSection(SolutionConfigurationPlatforms) = preSolution
		Debug|Any CPU = Debug|Any CPU
		Release|Any CPU = Release|Any CPU
	EndGlobalSection
	GlobalSection(ProjectConfigurationPlatforms) = postSolution
		{C95A96EC-0D91-4988-B043-C14CEC0D82D5}.Debug|Any CPU.ActiveCfg = Debug|Any CPU
		{C95A96EC-0D91-4988-B043-C14CEC0D82D5}.Debug|Any CPU.Build.0 = Debug|Any CPU
		{C95A96EC-0D91-4988-B043-C14CEC0D82D5}.Release|Any CPU.ActiveCfg = Release|Any CPU
		{C95A96EC-0D91-4988-B043-C14CEC0D82D5}.Release|Any CPU.Build.0 = Release|Any CPU
	EndGlobalSection
	GlobalSection(SolutionProperties) = preSolution
		HideSolutionNode = FALSE
	EndGlobalSection
	GlobalSection(ExtensibilityGlobals) = postSolution
		SolutionGuid = {A4F946AA-74BE-45CC-B296-93EFED6E6348}
	EndGlobalSection
EndGlobal
