
Microsoft Visual Studio Solution File, Format Version 12.00
# Visual Studio Version 17
VisualStudioVersion = 17.14.36811.4 d17.14
MinimumVisualStudioVersion = 10.0.40219.1
Project("{FAE04EC0-301F-11D3-BF4B-00C04F79EFBC}") = "Tema6_Tarea14_Integrador2", "Tema6_Tarea14_Integrador2\Tema6_Tarea14_Integrador2.csproj", "{7BC7D9B3-EA7B-4ECC-8070-DAF496A839CC}"
EndProject
Global
	GlobalSection(SolutionConfigurationPlatforms) = preSolution
		Debug|Any CPU = Debug|Any CPU
		Release|Any CPU = Release|Any CPU
	EndGlobalSection
	GlobalSection(ProjectConfigurationPlatforms) = postSolution
		{7BC7D9B3-EA7B-4ECC-8070-DAF496A839CC}.Debug|Any CPU.ActiveCfg = Debug|Any CPU
		{7BC7D9B3-EA7B-4ECC-8070-DAF496A839CC}.Debug|Any CPU.Build.0 = Debug|Any CPU
		{7BC7D9B3-EA7B-4ECC-8070-DAF496A839CC}.Release|Any CPU.ActiveCfg = Release|Any CPU
		{7BC7D9B3-EA7B-4ECC-8070-DAF496A839CC}.Release|Any CPU.Build.0 = Release|Any CPU
	EndGlobalSection
	GlobalSection(SolutionProperties) = preSolution
		HideSolutionNode = FALSE
	EndGlobalSection
	GlobalSection(ExtensibilityGlobals) = postSolution
		SolutionGuid = {4FE446D9-BEAA-4C20-A588-3648EC9A15F7}
	EndGlobalSection
EndGlobal
